
Microsoft Visual Studio Solution File, Format Version 12.00
# Visual Studio Version 17
VisualStudioVersion = 17.0.31903.59
MinimumVisualStudioVersion = 10.0.40219.1
Project("{FAE04EC0-301F-11D3-BF4B-00C04F79EFBC}") = "IntCollections", "IntCollections\IntCollections.csproj", "{3D73FCE8-D2BD-4536-9461-A619321936A8}"
EndProject
Project("{FAE04EC0-301F-11D3-BF4B-00C04F79EFBC}") = "EqualPlayer", "EqualPlayer\EqualPlayer.csproj", "{A02ECF15-ED68-4A33-A465-4CB0A66516A6}"
EndProject
Project("{FAE04EC0-301F-11D3-BF4B-00C04F79EFBC}") = "FilePower1", "FilePower1\FilePower1.csproj", "{3A4686EE-918F-468F-99C6-845A507DE10F}"
EndProject
Global
	GlobalSection(SolutionConfigurationPlatforms) = preSolution
		Debug|Any CPU = Debug|Any CPU
		Release|Any CPU = Release|Any CPU
	EndGlobalSection
	GlobalSection(SolutionProperties) = preSolution
		HideSolutionNode = FALSE
	EndGlobalSection
	GlobalSection(ProjectConfigurationPlatforms) = postSolution
		{3D73FCE8-D2BD-4536-9461-A619321936A8}.Debug|Any CPU.ActiveCfg = Debug|Any CPU
		{3D73FCE8-D2BD-4536-9461-A619321936A8}.Debug|Any CPU.Build.0 = Debug|Any CPU
		{3D73FCE8-D2BD-4536-9461-A619321936A8}.Release|Any CPU.ActiveCfg = Release|Any CPU
		{3D73FCE8-D2BD-4536-9461-A619321936A8}.Release|Any CPU.Build.0 = Release|Any CPU
		{A02ECF15-ED68-4A33-A465-4CB0A66516A6}.Debug|Any CPU.ActiveCfg = Debug|Any CPU
		{A02ECF15-ED68-4A33-A465-4CB0A66516A6}.Debug|Any CPU.Build.0 = Debug|Any CPU
		{A02ECF15-ED68-4A33-A465-4CB0A66516A6}.Release|Any CPU.ActiveCfg = Release|Any CPU
		{A02ECF15-ED68-4A33-A465-4CB0A66516A6}.Release|Any CPU.Build.0 = Release|Any CPU
		{3A4686EE-918F-468F-99C6-845A507DE10F}.Debug|Any CPU.ActiveCfg = Debug|Any CPU
		{3A4686EE-918F-468F-99C6-845A507DE10F}.Debug|Any CPU.Build.0 = Debug|Any CPU
		{3A4686EE-918F-468F-99C6-845A507DE10F}.Release|Any CPU.ActiveCfg = Release|Any CPU
		{3A4686EE-918F-468F-99C6-845A507DE10F}.Release|Any CPU.Build.0 = Release|Any CPU
	EndGlobalSection
EndGlobal
